
Microsoft Visual Studio Solution File, Format Version 12.00
# Visual Studio Version 17
VisualStudioVersion = 17.2.32616.157
MinimumVisualStudioVersion = 10.0.40219.1
Project("{9A19103F-16F7-4668-BE54-9A1E7A4F7556}") = "JGP.Core", "JGP.Core\JGP.Core.csproj", "{8BCB777A-CB99-4EA0-B56D-187FB7177FF0}"
EndProject
Project("{2150E333-8FDC-42A3-9474-1A3956D46DE8}") = "Solution Items", "Solution Items", "{D6933B12-CD6D-4376-A527-D949575748F9}"
	ProjectSection(SolutionItems) = preProject
		LICENSE.txt = LICENSE.txt
		.github\workflows\nuget-build.yml = .github\workflows\nuget-build.yml
		README.md = README.md
	EndProjectSection
EndProject
Global
	GlobalSection(SolutionConfigurationPlatforms) = preSolution
		Debug|Any CPU = Debug|Any CPU
		Release|Any CPU = Release|Any CPU
	EndGlobalSection
	GlobalSection(ProjectConfigurationPlatforms) = postSolution
		{8BCB777A-CB99-4EA0-B56D-187FB7177FF0}.Debug|Any CPU.ActiveCfg = Debug|Any CPU
		{8BCB777A-CB99-4EA0-B56D-187FB7177FF0}.Debug|Any CPU.Build.0 = Debug|Any CPU
		{8BCB777A-CB99-4EA0-B56D-187FB7177FF0}.Release|Any CPU.ActiveCfg = Release|Any CPU
		{8BCB777A-CB99-4EA0-B56D-187FB7177FF0}.Release|Any CPU.Build.0 = Release|Any CPU
	EndGlobalSection
	GlobalSection(SolutionProperties) = preSolution
		HideSolutionNode = FALSE
	EndGlobalSection
	GlobalSection(ExtensibilityGlobals) = postSolution
		SolutionGuid = {E4FFB614-05D0-48FE-A3A3-3DBD2596F7BB}
	EndGlobalSection
EndGlobal
